
Microsoft Visual Studio Solution File, Format Version 12.00
# Visual Studio Version 17
VisualStudioVersion = 17.2.32630.192
MinimumVisualStudioVersion = 10.0.40219.1
Project("{FAE04EC0-301F-11D3-BF4B-00C04F79EFBC}") = "PV1710", "PV1710\PV1710.csproj", "{DD8A9524-73E2-4F60-BAE5-E70E3418C169}"
EndProject
Global
	GlobalSection(SolutionConfigurationPlatforms) = preSolution
		Debug|Any CPU = Debug|Any CPU
		Release|Any CPU = Release|Any CPU
	EndGlobalSection
	GlobalSection(ProjectConfigurationPlatforms) = postSolution
		{DD8A9524-73E2-4F60-BAE5-E70E3418C169}.Debug|Any CPU.ActiveCfg = Debug|Any CPU
		{DD8A9524-73E2-4F60-BAE5-E70E3418C169}.Debug|Any CPU.Build.0 = Debug|Any CPU
		{DD8A9524-73E2-4F60-BAE5-E70E3418C169}.Release|Any CPU.ActiveCfg = Release|Any CPU
		{DD8A9524-73E2-4F60-BAE5-E70E3418C169}.Release|Any CPU.Build.0 = Release|Any CPU
	EndGlobalSection
	GlobalSection(SolutionProperties) = preSolution
		HideSolutionNode = FALSE
	EndGlobalSection
	GlobalSection(ExtensibilityGlobals) = postSolution
		SolutionGuid = {3D1E8417-82B4-4EB0-8F57-7F6215D18709}
	EndGlobalSection
EndGlobal
